
Microsoft Visual Studio Solution File, Format Version 12.00
# Visual Studio Version 17
VisualStudioVersion = 17.13.35919.96 d17.13
MinimumVisualStudioVersion = 10.0.40219.1
Project("{FAE04EC0-301F-11D3-BF4B-00C04F79EFBC}") = "WorldCupData", "WorldCupData\WorldCupData.csproj", "{31BCB814-49AE-4963-9A74-B50F41FC3011}"
EndProject
Global
	GlobalSection(SolutionConfigurationPlatforms) = preSolution
		Debug|Any CPU = Debug|Any CPU
		Release|Any CPU = Release|Any CPU
	EndGlobalSection
	GlobalSection(ProjectConfigurationPlatforms) = postSolution
		{31BCB814-49AE-4963-9A74-B50F41FC3011}.Debug|Any CPU.ActiveCfg = Debug|Any CPU
		{31BCB814-49AE-4963-9A74-B50F41FC3011}.Debug|Any CPU.Build.0 = Debug|Any CPU
		{31BCB814-49AE-4963-9A74-B50F41FC3011}.Release|Any CPU.ActiveCfg = Release|Any CPU
		{31BCB814-49AE-4963-9A74-B50F41FC3011}.Release|Any CPU.Build.0 = Release|Any CPU
	EndGlobalSection
	GlobalSection(SolutionProperties) = preSolution
		HideSolutionNode = FALSE
	EndGlobalSection
	GlobalSection(ExtensibilityGlobals) = postSolution
		SolutionGuid = {D61CDF58-5C32-4935-952D-9BA54AE5CAE0}
	EndGlobalSection
EndGlobal
